
Microsoft Visual Studio Solution File, Format Version 12.00
# Visual Studio Version 16
VisualStudioVersion = 16.0.29324.140
MinimumVisualStudioVersion = 10.0.40219.1
Project("{FAE04EC0-301F-11D3-BF4B-00C04F79EFBC}") = "Ders2", "Ders2\Ders2.csproj", "{946644D7-8BE2-44DF-B9C7-C2E1B0F65337}"
EndProject
Global
	GlobalSection(SolutionConfigurationPlatforms) = preSolution
		Debug|Any CPU = Debug|Any CPU
		Release|Any CPU = Release|Any CPU
	EndGlobalSection
	GlobalSection(ProjectConfigurationPlatforms) = postSolution
		{946644D7-8BE2-44DF-B9C7-C2E1B0F65337}.Debug|Any CPU.ActiveCfg = Debug|Any CPU
		{946644D7-8BE2-44DF-B9C7-C2E1B0F65337}.Debug|Any CPU.Build.0 = Debug|Any CPU
		{946644D7-8BE2-44DF-B9C7-C2E1B0F65337}.Release|Any CPU.ActiveCfg = Release|Any CPU
		{946644D7-8BE2-44DF-B9C7-C2E1B0F65337}.Release|Any CPU.Build.0 = Release|Any CPU
	EndGlobalSection
	GlobalSection(SolutionProperties) = preSolution
		HideSolutionNode = FALSE
	EndGlobalSection
	GlobalSection(ExtensibilityGlobals) = postSolution
		SolutionGuid = {EBF4E829-E82E-4E91-8D3A-1CE6546BF4D2}
	EndGlobalSection
EndGlobal
