
Microsoft Visual Studio Solution File, Format Version 12.00
# Visual Studio Version 16
VisualStudioVersion = 16.0.29326.143
MinimumVisualStudioVersion = 10.0.40219.1
Project("{FAE04EC0-301F-11D3-BF4B-00C04F79EFBC}") = "Ders2", "Ders2\Ders2.csproj", "{117C92F8-A8AE-40CE-97BF-A336EC039EAC}"
EndProject
Project("{FAE04EC0-301F-11D3-BF4B-00C04F79EFBC}") = "Ders2_2", "Ders2_2\Ders2_2.csproj", "{025797AA-5C6A-42B3-AEEF-784DBFEF70F0}"
EndProject
Project("{FAE04EC0-301F-11D3-BF4B-00C04F79EFBC}") = "Ders2_3", "Ders2_3\Ders2_3.csproj", "{63B438E3-EE80-4512-9B08-0C4A026F3239}"
EndProject
Project("{FAE04EC0-301F-11D3-BF4B-00C04F79EFBC}") = "Ders2_4", "Ders2_4\Ders2_4.csproj", "{DD508CA8-DCAE-4CDF-9BAD-EC5E801D900A}"
EndProject
Global
	GlobalSection(SolutionConfigurationPlatforms) = preSolution
		Debug|Any CPU = Debug|Any CPU
		Release|Any CPU = Release|Any CPU
	EndGlobalSection
	GlobalSection(ProjectConfigurationPlatforms) = postSolution
		{117C92F8-A8AE-40CE-97BF-A336EC039EAC}.Debug|Any CPU.ActiveCfg = Debug|Any CPU
		{117C92F8-A8AE-40CE-97BF-A336EC039EAC}.Debug|Any CPU.Build.0 = Debug|Any CPU
		{117C92F8-A8AE-40CE-97BF-A336EC039EAC}.Release|Any CPU.ActiveCfg = Release|Any CPU
		{117C92F8-A8AE-40CE-97BF-A336EC039EAC}.Release|Any CPU.Build.0 = Release|Any CPU
		{025797AA-5C6A-42B3-AEEF-784DBFEF70F0}.Debug|Any CPU.ActiveCfg = Debug|Any CPU
		{025797AA-5C6A-42B3-AEEF-784DBFEF70F0}.Debug|Any CPU.Build.0 = Debug|Any CPU
		{025797AA-5C6A-42B3-AEEF-784DBFEF70F0}.Release|Any CPU.ActiveCfg = Release|Any CPU
		{025797AA-5C6A-42B3-AEEF-784DBFEF70F0}.Release|Any CPU.Build.0 = Release|Any CPU
		{63B438E3-EE80-4512-9B08-0C4A026F3239}.Debug|Any CPU.ActiveCfg = Debug|Any CPU
		{63B438E3-EE80-4512-9B08-0C4A026F3239}.Debug|Any CPU.Build.0 = Debug|Any CPU
		{63B438E3-EE80-4512-9B08-0C4A026F3239}.Release|Any CPU.ActiveCfg = Release|Any CPU
		{63B438E3-EE80-4512-9B08-0C4A026F3239}.Release|Any CPU.Build.0 = Release|Any CPU
		{DD508CA8-DCAE-4CDF-9BAD-EC5E801D900A}.Debug|Any CPU.ActiveCfg = Debug|Any CPU
		{DD508CA8-DCAE-4CDF-9BAD-EC5E801D900A}.Debug|Any CPU.Build.0 = Debug|Any CPU
		{DD508CA8-DCAE-4CDF-9BAD-EC5E801D900A}.Release|Any CPU.ActiveCfg = Release|Any CPU
		{DD508CA8-DCAE-4CDF-9BAD-EC5E801D900A}.Release|Any CPU.Build.0 = Release|Any CPU
	EndGlobalSection
	GlobalSection(SolutionProperties) = preSolution
		HideSolutionNode = FALSE
	EndGlobalSection
	GlobalSection(ExtensibilityGlobals) = postSolution
		SolutionGuid = {5BF8F2DE-175C-4257-BED9-D88FD2135D5B}
	EndGlobalSection
EndGlobal
