
Microsoft Visual Studio Solution File, Format Version 12.00
# Visual Studio Version 16
VisualStudioVersion = 16.0.29326.143
MinimumVisualStudioVersion = 10.0.40219.1
Project("{FAE04EC0-301F-11D3-BF4B-00C04F79EFBC}") = "Ders1", "Ders1\Ders1.csproj", "{CEA7A7D7-94B7-4479-BA1E-0648398B56D9}"
EndProject
Global
	GlobalSection(SolutionConfigurationPlatforms) = preSolution
		Debug|Any CPU = Debug|Any CPU
		Release|Any CPU = Release|Any CPU
	EndGlobalSection
	GlobalSection(ProjectConfigurationPlatforms) = postSolution
		{CEA7A7D7-94B7-4479-BA1E-0648398B56D9}.Debug|Any CPU.ActiveCfg = Debug|Any CPU
		{CEA7A7D7-94B7-4479-BA1E-0648398B56D9}.Debug|Any CPU.Build.0 = Debug|Any CPU
		{CEA7A7D7-94B7-4479-BA1E-0648398B56D9}.Release|Any CPU.ActiveCfg = Release|Any CPU
		{CEA7A7D7-94B7-4479-BA1E-0648398B56D9}.Release|Any CPU.Build.0 = Release|Any CPU
	EndGlobalSection
	GlobalSection(SolutionProperties) = preSolution
		HideSolutionNode = FALSE
	EndGlobalSection
	GlobalSection(ExtensibilityGlobals) = postSolution
		SolutionGuid = {200C4E6C-5479-4C02-8210-29B3950A792C}
	EndGlobalSection
EndGlobal
