
Microsoft Visual Studio Solution File, Format Version 12.00
# Visual Studio Version 16
VisualStudioVersion = 16.0.29326.143
MinimumVisualStudioVersion = 10.0.40219.1
Project("{FAE04EC0-301F-11D3-BF4B-00C04F79EFBC}") = "ConsoleApp1", "ConsoleApp1\ConsoleApp1.csproj", "{EAB82CBC-B22C-402B-B1E7-869F7A9CF7D0}"
EndProject
Project("{FAE04EC0-301F-11D3-BF4B-00C04F79EFBC}") = "ConsoleApp2", "ConsoleApp2\ConsoleApp2.csproj", "{B738D50B-A103-475A-8146-B54DE93D9B85}"
EndProject
Project("{FAE04EC0-301F-11D3-BF4B-00C04F79EFBC}") = "WindowsFormsApp1", "WindowsFormsApp1\WindowsFormsApp1.csproj", "{3172B901-A62B-41D7-AC32-DCB1C31BF667}"
EndProject
Project("{FAE04EC0-301F-11D3-BF4B-00C04F79EFBC}") = "WindowsFormsApp2", "WindowsFormsApp2\WindowsFormsApp2.csproj", "{149207D4-98D2-4CCA-B12D-A148614A1057}"
EndProject
Global
	GlobalSection(SolutionConfigurationPlatforms) = preSolution
		Debug|Any CPU = Debug|Any CPU
		Release|Any CPU = Release|Any CPU
	EndGlobalSection
	GlobalSection(ProjectConfigurationPlatforms) = postSolution
		{EAB82CBC-B22C-402B-B1E7-869F7A9CF7D0}.Debug|Any CPU.ActiveCfg = Debug|Any CPU
		{EAB82CBC-B22C-402B-B1E7-869F7A9CF7D0}.Debug|Any CPU.Build.0 = Debug|Any CPU
		{EAB82CBC-B22C-402B-B1E7-869F7A9CF7D0}.Release|Any CPU.ActiveCfg = Release|Any CPU
		{EAB82CBC-B22C-402B-B1E7-869F7A9CF7D0}.Release|Any CPU.Build.0 = Release|Any CPU
		{B738D50B-A103-475A-8146-B54DE93D9B85}.Debug|Any CPU.ActiveCfg = Debug|Any CPU
		{B738D50B-A103-475A-8146-B54DE93D9B85}.Debug|Any CPU.Build.0 = Debug|Any CPU
		{B738D50B-A103-475A-8146-B54DE93D9B85}.Release|Any CPU.ActiveCfg = Release|Any CPU
		{B738D50B-A103-475A-8146-B54DE93D9B85}.Release|Any CPU.Build.0 = Release|Any CPU
		{3172B901-A62B-41D7-AC32-DCB1C31BF667}.Debug|Any CPU.ActiveCfg = Debug|Any CPU
		{3172B901-A62B-41D7-AC32-DCB1C31BF667}.Debug|Any CPU.Build.0 = Debug|Any CPU
		{3172B901-A62B-41D7-AC32-DCB1C31BF667}.Release|Any CPU.ActiveCfg = Release|Any CPU
		{3172B901-A62B-41D7-AC32-DCB1C31BF667}.Release|Any CPU.Build.0 = Release|Any CPU
		{149207D4-98D2-4CCA-B12D-A148614A1057}.Debug|Any CPU.ActiveCfg = Debug|Any CPU
		{149207D4-98D2-4CCA-B12D-A148614A1057}.Debug|Any CPU.Build.0 = Debug|Any CPU
		{149207D4-98D2-4CCA-B12D-A148614A1057}.Release|Any CPU.ActiveCfg = Release|Any CPU
		{149207D4-98D2-4CCA-B12D-A148614A1057}.Release|Any CPU.Build.0 = Release|Any CPU
	EndGlobalSection
	GlobalSection(SolutionProperties) = preSolution
		HideSolutionNode = FALSE
	EndGlobalSection
	GlobalSection(ExtensibilityGlobals) = postSolution
		SolutionGuid = {337C7D61-F437-4890-B6D5-EA77192FC964}
	EndGlobalSection
EndGlobal
