
Microsoft Visual Studio Solution File, Format Version 12.00
# Visual Studio Version 16
VisualStudioVersion = 16.0.29324.140
MinimumVisualStudioVersion = 10.0.40219.1
Project("{FAE04EC0-301F-11D3-BF4B-00C04F79EFBC}") = "Queues", "Queues\Queues.csproj", "{52CCCB10-D2C0-4D02-B8F9-62F6C2D66B4F}"
EndProject
Global
	GlobalSection(SolutionConfigurationPlatforms) = preSolution
		Debug|Any CPU = Debug|Any CPU
		Release|Any CPU = Release|Any CPU
	EndGlobalSection
	GlobalSection(ProjectConfigurationPlatforms) = postSolution
		{52CCCB10-D2C0-4D02-B8F9-62F6C2D66B4F}.Debug|Any CPU.ActiveCfg = Debug|Any CPU
		{52CCCB10-D2C0-4D02-B8F9-62F6C2D66B4F}.Debug|Any CPU.Build.0 = Debug|Any CPU
		{52CCCB10-D2C0-4D02-B8F9-62F6C2D66B4F}.Release|Any CPU.ActiveCfg = Release|Any CPU
		{52CCCB10-D2C0-4D02-B8F9-62F6C2D66B4F}.Release|Any CPU.Build.0 = Release|Any CPU
	EndGlobalSection
	GlobalSection(SolutionProperties) = preSolution
		HideSolutionNode = FALSE
	EndGlobalSection
	GlobalSection(ExtensibilityGlobals) = postSolution
		SolutionGuid = {FDFC8578-CD8D-49F0-99F7-11BB34FEA142}
	EndGlobalSection
EndGlobal
